# THIS IS AN AUTOGENERATED FILE. DO NOT EDIT THIS FILE DIRECTLY.
# yarn lockfile v1


"@aws-crypto/sha256-js@^5.2.0":
  version "5.2.0"
  resolved "https://registry.yarnpkg.com/@aws-crypto/sha256-js/-/sha256-js-5.2.0.tgz#c4fdb773fdbed9a664fc1a95724e206cf3860042"
  integrity sha512-FFQQyu7edu4ufvIZ+OadFpHHOt+eSTBaYaki44c+akjg7qZg9oOQeLlk77F6tSYqjDAFClrHJk9tMf0HdVyOvA==
  dependencies:
    "@aws-crypto/util" "^5.2.0"
    "@aws-sdk/types" "^3.222.0"
    tslib "^2.6.2"

"@aws-crypto/util@^5.2.0":
  version "5.2.0"
  resolved "https://registry.yarnpkg.com/@aws-crypto/util/-/util-5.2.0.tgz#71284c9cffe7927ddadac793c14f14886d3876da"
  integrity sha512-4RkU9EsI6ZpBve5fseQlGNUWKMa1RLPQ1dnjnQoe07ldfIzcsGb5hC5W0Dm7u423KWzawlrpbjXBrXCEv9zazQ==
  dependencies:
    "@aws-sdk/types" "^3.222.0"
    "@smithy/util-utf8" "^2.0.0"
    tslib "^2.6.2"

"@aws-sdk/types@^3.222.0":
  version "3.973.5"
  resolved "https://registry.yarnpkg.com/@aws-sdk/types/-/types-3.973.5.tgz#0fc00f066dbaaa40c09f2b7efdd86781807b5c70"
  integrity sha512-hl7BGwDCWsjH8NkZfx+HgS7H2LyM2lTMAI7ba9c8O0KqdBLTdNJivsHpqjg9rNlAlPyREb6DeDRXUl0s8uFdmQ==
  dependencies:
    "@smithy/types" "^4.13.0"
    tslib "^2.6.2"

"@smithy/is-array-buffer@^2.2.0":
  version "2.2.0"
  resolved "https://registry.yarnpkg.com/@smithy/is-array-buffer/-/is-array-buffer-2.2.0.tgz#f84f0d9f9a36601a9ca9381688bd1b726fd39111"
  integrity sha512-GGP3O9QFD24uGeAXYUjwSTXARoqpZykHadOmA8G5vfJPK0/DC67qa//0qvqrJzL1xc8WQWX7/yc7fwudjPHPhA==
  dependencies:
    tslib "^2.6.2"

"@smithy/is-array-buffer@^4.2.2":
  version "4.2.2"
  resolved "https://registry.yarnpkg.com/@smithy/is-array-buffer/-/is-array-buffer-4.2.2.tgz#c401ce54b12a16529eb1c938a0b6c2247cb763b8"
  integrity sha512-n6rQ4N8Jj4YTQO3YFrlgZuwKodf4zUFs7EJIWH86pSCWBaAtAGBFfCM7Wx6D2bBJ2xqFNxGBSrUWswT3M0VJow==
  dependencies:
    tslib "^2.6.2"

"@smithy/protocol-http@^5.3.11":
  version "5.3.11"
  resolved "https://registry.yarnpkg.com/@smithy/protocol-http/-/protocol-http-5.3.11.tgz#e4450af3ba9e52e8b99a9c3035c90c8cd853be27"
  integrity sha512-hI+barOVDJBkNt4y0L2mu3Ugc0w7+BpJ2CZuLwXtSltGAAwCb3IvnalGlbDV/UCS6a9ZuT3+exd1WxNdLb5IlQ==
  dependencies:
    "@smithy/types" "^4.13.0"
    tslib "^2.6.2"

"@smithy/signature-v4@^5.3.11":
  version "5.3.11"
  resolved "https://registry.yarnpkg.com/@smithy/signature-v4/-/signature-v4-5.3.11.tgz#81fc2aba69994b23aff730b984418e9696bc36c4"
  integrity sha512-V1L6N9aKOBAN4wEHLyqjLBnAz13mtILU0SeDrjOaIZEeN6IFa6DxwRt1NNpOdmSpQUfkBj0qeD3m6P77uzMhgQ==
  dependencies:
    "@smithy/is-array-buffer" "^4.2.2"
    "@smithy/protocol-http" "^5.3.11"
    "@smithy/types" "^4.13.0"
    "@smithy/util-hex-encoding" "^4.2.2"
    "@smithy/util-middleware" "^4.2.11"
    "@smithy/util-uri-escape" "^4.2.2"
    "@smithy/util-utf8" "^4.2.2"
    tslib "^2.6.2"

"@smithy/types@^4.13.0":
  version "4.13.0"
  resolved "https://registry.yarnpkg.com/@smithy/types/-/types-4.13.0.tgz#9787297a07ee72ef74d4f7d93c744d10ed664c21"
  integrity sha512-COuLsZILbbQsdrwKQpkkpyep7lCsByxwj7m0Mg5v66/ZTyenlfBc40/QFQ5chO0YN/PNEH1Bi3fGtfXPnYNeDw==
  dependencies:
    tslib "^2.6.2"

"@smithy/util-buffer-from@^2.2.0":
  version "2.2.0"
  resolved "https://registry.yarnpkg.com/@smithy/util-buffer-from/-/util-buffer-from-2.2.0.tgz#6fc88585165ec73f8681d426d96de5d402021e4b"
  integrity sha512-IJdWBbTcMQ6DA0gdNhh/BwrLkDR+ADW5Kr1aZmd4k3DIF6ezMV4R2NIAmT08wQJ3yUK82thHWmC/TnK/wpMMIA==
  dependencies:
    "@smithy/is-array-buffer" "^2.2.0"
    tslib "^2.6.2"

"@smithy/util-buffer-from@^4.2.2":
  version "4.2.2"
  resolved "https://registry.yarnpkg.com/@smithy/util-buffer-from/-/util-buffer-from-4.2.2.tgz#2c6b7857757dfd88f6cd2d36016179a40ccc913b"
  integrity sha512-FDXD7cvUoFWwN6vtQfEta540Y/YBe5JneK3SoZg9bThSoOAC/eGeYEua6RkBgKjGa/sz6Y+DuBZj3+YEY21y4Q==
  dependencies:
    "@smithy/is-array-buffer" "^4.2.2"
    tslib "^2.6.2"

"@smithy/util-hex-encoding@^4.2.2":
  version "4.2.2"
  resolved "https://registry.yarnpkg.com/@smithy/util-hex-encoding/-/util-hex-encoding-4.2.2.tgz#4abf3335dd1eb884041d8589ca7628d81a6fd1d3"
  integrity sha512-Qcz3W5vuHK4sLQdyT93k/rfrUwdJ8/HZ+nMUOyGdpeGA1Wxt65zYwi3oEl9kOM+RswvYq90fzkNDahPS8K0OIg==
  dependencies:
    tslib "^2.6.2"

"@smithy/util-middleware@^4.2.11":
  version "4.2.11"
  resolved "https://registry.yarnpkg.com/@smithy/util-middleware/-/util-middleware-4.2.11.tgz#d2a89893fc2dfd500de412c5f7c7961716855f4d"
  integrity sha512-r3dtF9F+TpSZUxpOVVtPfk09Rlo4lT6ORBqEvX3IBT6SkQAdDSVKR5GcfmZbtl7WKhKnmb3wbDTQ6ibR2XHClw==
  dependencies:
    "@smithy/types" "^4.13.0"
    tslib "^2.6.2"

"@smithy/util-uri-escape@^4.2.2":
  version "4.2.2"
  resolved "https://registry.yarnpkg.com/@smithy/util-uri-escape/-/util-uri-escape-4.2.2.tgz#48e40206e7fe9daefc8d44bb43a1ab17e76abf4a"
  integrity sha512-2kAStBlvq+lTXHyAZYfJRb/DfS3rsinLiwb+69SstC9Vb0s9vNWkRwpnj918Pfi85mzi42sOqdV72OLxWAISnw==
  dependencies:
    tslib "^2.6.2"

"@smithy/util-utf8@^2.0.0":
  version "2.3.0"
  resolved "https://registry.yarnpkg.com/@smithy/util-utf8/-/util-utf8-2.3.0.tgz#dd96d7640363259924a214313c3cf16e7dd329c5"
  integrity sha512-R8Rdn8Hy72KKcebgLiv8jQcQkXoLMOGGv5uI1/k0l+snqkOzQ1R0ChUBCxWMlBsFMekWjq0wRudIweFs7sKT5A==
  dependencies:
    "@smithy/util-buffer-from" "^2.2.0"
    tslib "^2.6.2"

"@smithy/util-utf8@^4.2.2":
  version "4.2.2"
  resolved "https://registry.yarnpkg.com/@smithy/util-utf8/-/util-utf8-4.2.2.tgz#21db686982e6f3393ac262e49143b42370130f13"
  integrity sha512-75MeYpjdWRe8M5E3AW0O4Cx3UadweS+cwdXjwYGBW5h/gxxnbeZ877sLPX/ZJA9GVTlL/qG0dXP29JWFCD1Ayw==
  dependencies:
    "@smithy/util-buffer-from" "^4.2.2"
    tslib "^2.6.2"

tslib@^2.6.2:
  version "2.8.1"
  resolved "https://registry.yarnpkg.com/tslib/-/tslib-2.8.1.tgz#612efe4ed235d567e8aba5f2a5fab70280ade83f"
  integrity sha512-oJFu94HQb+KVduSUQL7wnpmqnfmLsOA/nAh6b6EH0wCEoK0/mPeXU6c3wKDV83MkOuHPRHtSXKKU99IBazS/2w==
